
Microsoft Visual Studio Solution File, Format Version 12.00
# Visual Studio Version 17
VisualStudioVersion = 17.14.36301.6 d17.14
MinimumVisualStudioVersion = 10.0.40219.1
Project("{FAE04EC0-301F-11D3-BF4B-00C04F79EFBC}") = "DrPet.Data", "DrPet.Data\DrPet.Data.csproj", "{74EAA2C5-519D-4702-91B3-D16E757DBC5C}"
EndProject
Project("{FAE04EC0-301F-11D3-BF4B-00C04F79EFBC}") = "DrPet.Bll", "DrPet.Bll\DrPet.Bll.csproj", "{86F98D49-094C-4857-90C7-2FFA58A9AF29}"
EndProject
Project("{FAE04EC0-301F-11D3-BF4B-00C04F79EFBC}") = "DrPet.Web", "DrPet.Web\DrPet.Web.csproj", "{4D111712-AC05-413E-9A18-C644AACC8BA7}"
EndProject
Global
	GlobalSection(SolutionConfigurationPlatforms) = preSolution
		Debug|Any CPU = Debug|Any CPU
		Release|Any CPU = Release|Any CPU
	EndGlobalSection
	GlobalSection(ProjectConfigurationPlatforms) = postSolution
		{74EAA2C5-519D-4702-91B3-D16E757DBC5C}.Debug|Any CPU.ActiveCfg = Debug|Any CPU
		{74EAA2C5-519D-4702-91B3-D16E757DBC5C}.Debug|Any CPU.Build.0 = Debug|Any CPU
		{74EAA2C5-519D-4702-91B3-D16E757DBC5C}.Release|Any CPU.ActiveCfg = Release|Any CPU
		{74EAA2C5-519D-4702-91B3-D16E757DBC5C}.Release|Any CPU.Build.0 = Release|Any CPU
		{86F98D49-094C-4857-90C7-2FFA58A9AF29}.Debug|Any CPU.ActiveCfg = Debug|Any CPU
		{86F98D49-094C-4857-90C7-2FFA58A9AF29}.Debug|Any CPU.Build.0 = Debug|Any CPU
		{86F98D49-094C-4857-90C7-2FFA58A9AF29}.Release|Any CPU.ActiveCfg = Release|Any CPU
		{86F98D49-094C-4857-90C7-2FFA58A9AF29}.Release|Any CPU.Build.0 = Release|Any CPU
		{4D111712-AC05-413E-9A18-C644AACC8BA7}.Debug|Any CPU.ActiveCfg = Debug|Any CPU
		{4D111712-AC05-413E-9A18-C644AACC8BA7}.Debug|Any CPU.Build.0 = Debug|Any CPU
		{4D111712-AC05-413E-9A18-C644AACC8BA7}.Release|Any CPU.ActiveCfg = Release|Any CPU
		{4D111712-AC05-413E-9A18-C644AACC8BA7}.Release|Any CPU.Build.0 = Release|Any CPU
	EndGlobalSection
	GlobalSection(SolutionProperties) = preSolution
		HideSolutionNode = FALSE
	EndGlobalSection
	GlobalSection(ExtensibilityGlobals) = postSolution
		SolutionGuid = {CD18F5C1-0E2D-48CF-9D42-573979BECF0F}
	EndGlobalSection
EndGlobal
